{
    "lockfileVersion": 1,
    "dependencies": {
        "kinvey-nativescript-sdk": {
            "version": "3.10.2",
            "resolved": "https://registry.npmjs.org/kinvey-nativescript-sdk/-/kinvey-nativescript-sdk-3.10.2.tgz",
            "integrity": "sha512-uWpNnc1dNEeNVwpYeRlRak4kX9DO7jSuAuLb/GSfnRy90H/pRqBesRtlb33N/ZcOl+T66qCF9EDGY0qZ6kbgNQ=="
        },
        "nativescript-accelerometer": {
            "version": "2.0.1",
            "resolved": "https://registry.npmjs.org/nativescript-accelerometer/-/nativescript-accelerometer-2.0.1.tgz",
            "integrity": "sha1-7u7rDi5UfcMbcrpZa2iHw6RsJ2E="
        },
        "nativescript-camera": {
            "version": "4.0.2",
            "resolved": "https://registry.npmjs.org/nativescript-camera/-/nativescript-camera-4.0.2.tgz",
            "integrity": "sha512-ZRRAQHvP2rzQTMXtBg1O3utTUaKvwcC0zcgU64zYvcHP4dkZ8f5x/KulDPrZ5ITsMDH4BJTak3uYU7jnvKk3vA=="
        },
        "nativescript-fresco": {
            "version": "3.0.6",
            "resolved": "https://registry.npmjs.org/nativescript-fresco/-/nativescript-fresco-3.0.6.tgz",
            "integrity": "sha1-kfdT5Q5cXqI+845yVe1CxXH+R8c="
        },
        "nativescript-geolocation": {
            "version": "4.2.6",
            "resolved": "https://registry.npmjs.org/nativescript-geolocation/-/nativescript-geolocation-4.2.6.tgz",
            "integrity": "sha1-TBp8i9kgXXzyne4st6vUUhAgOUI="
        },
        "nativescript-intl": {
            "version": "3.0.0",
            "resolved": "https://registry.npmjs.org/nativescript-intl/-/nativescript-intl-3.0.0.tgz",
            "integrity": "sha1-gu6b59N3Fys8QpVzRyMDdijhhqc="
        },
        "nativescript-iqkeyboardmanager": {
            "version": "1.3.0",
            "resolved": "https://registry.npmjs.org/nativescript-iqkeyboardmanager/-/nativescript-iqkeyboardmanager-1.3.0.tgz",
            "integrity": "sha1-pRI14noXDVhb3RoQDQJPj87eE6I="
        },
        "nativescript-permissions": {
            "version": "1.2.3",
            "resolved": "https://registry.npmjs.org/nativescript-permissions/-/nativescript-permissions-1.2.3.tgz",
            "integrity": "sha1-4+ZVRfmP5IjdVXj3/5DrrjCI5wA="
        },
        "nativescript-social-share": {
            "version": "1.5.0",
            "resolved": "https://registry.npmjs.org/nativescript-social-share/-/nativescript-social-share-1.5.0.tgz",
            "integrity": "sha512-l2vbHaCSyPpoxUr/z5oPUNnLVYYMsawIWTydzBSo+XVh9lbfajaEFkACR0HNquEHwx73IH7a7J5l3rF2fiQPOg=="
        },
        "nativescript-sqlite": {
            "version": "1.1.11",
            "resolved": "https://registry.npmjs.org/nativescript-sqlite/-/nativescript-sqlite-1.1.11.tgz",
            "integrity": "sha512-umgv6Y1e+WldHLCbC9kjhVa9VE1O0e0oPLtJveXidzpiIJAWT9x+NYcFQsBFcPBdzmy6HKqrINvT5DhVYs+DOA=="
        },
        "nativescript-theme-core": {
            "version": "1.0.4",
            "resolved": "https://registry.npmjs.org/nativescript-theme-core/-/nativescript-theme-core-1.0.4.tgz",
            "integrity": "sha1-zyiAx/vy/l9D4iNdMJdQeQgD7+E="
        },
        "nativescript-ui-autocomplete": {
            "version": "3.6.0",
            "resolved": "https://registry.npmjs.org/nativescript-ui-autocomplete/-/nativescript-ui-autocomplete-3.6.0.tgz",
            "integrity": "sha512-FhXqXPBGy7lkzNcqypXjvcIqTghI/aHASDktxkmHJ5M6lOvWW482y6kHxwMoeBYWZZs1ARLejU2D4DhIwCHm5w=="
        },
        "nativescript-ui-calendar": {
            "version": "3.5.2",
            "resolved": "https://registry.npmjs.org/nativescript-ui-calendar/-/nativescript-ui-calendar-3.5.2.tgz",
            "integrity": "sha1-0ovy66U3HAOOg3SjunRk4C5+qaY="
        },
        "nativescript-ui-chart": {
            "version": "3.5.0",
            "resolved": "https://registry.npmjs.org/nativescript-ui-chart/-/nativescript-ui-chart-3.5.0.tgz",
            "integrity": "sha1-AOt/KWt4SCUuLYxKCVJnC52C2w4="
        },
        "nativescript-ui-core": {
            "version": "1.0.0",
            "resolved": "https://registry.npmjs.org/nativescript-ui-core/-/nativescript-ui-core-1.0.0.tgz",
            "integrity": "sha1-rUkCflXMw7f1sybr0KoBlGwbaL8="
        },
        "nativescript-ui-dataform": {
            "version": "3.5.2",
            "resolved": "https://registry.npmjs.org/nativescript-ui-dataform/-/nativescript-ui-dataform-3.5.2.tgz",
            "integrity": "sha1-ZweIPThmdfxS2VQL6wH2sxm5TNQ="
        },
        "nativescript-ui-gauge": {
            "version": "3.5.0",
            "resolved": "https://registry.npmjs.org/nativescript-ui-gauge/-/nativescript-ui-gauge-3.5.0.tgz",
            "integrity": "sha1-QP4FIRxgn+C+DhuA6YekAHw3FGE="
        },
        "nativescript-ui-listview": {
            "version": "3.5.4",
            "resolved": "https://registry.npmjs.org/nativescript-ui-listview/-/nativescript-ui-listview-3.5.4.tgz",
            "integrity": "sha1-Bzv5Ms9A/atrF8TfEfPmccEnYks="
        },
        "nativescript-ui-sidedrawer": {
            "version": "3.5.2",
            "resolved": "https://registry.npmjs.org/nativescript-ui-sidedrawer/-/nativescript-ui-sidedrawer-3.5.2.tgz",
            "integrity": "sha1-jsb0UZoPmO7P0sYozDL4bLtfnmk="
        },
        "rxjs": {
            "version": "5.5.8",
            "resolved": "https://registry.npmjs.org/rxjs/-/rxjs-5.5.8.tgz",
            "integrity": "sha512-Bz7qou7VAIoGiglJZbzbXa4vpX5BmTTN2Dj/se6+SwADtw4SihqBIiEa7VmTXJ8pynvq0iFr5Gx9VLyye1rIxQ=="
        },
        "symbol-observable": {
            "version": "1.0.1",
            "resolved": "https://registry.npmjs.org/symbol-observable/-/symbol-observable-1.0.1.tgz",
            "integrity": "sha1-g0D8RwLDEi310iKI+IKD9RPT/dQ="
        },
        "tns-core-modules": {
            "version": "3.4.1",
            "resolved": "https://registry.npmjs.org/tns-core-modules/-/tns-core-modules-3.4.1.tgz",
            "integrity": "sha512-sz/yTmoW7WyDPpr4JEC+trlfiEI14X365jGF//tMCT/G6ISzANr43wc17fgbGH1UA1XbKzujbAl0xPNssRHVUA=="
        },
        "tns-core-modules-widgets": {
            "version": "3.4.0",
            "resolved": "https://registry.npmjs.org/tns-core-modules-widgets/-/tns-core-modules-widgets-3.4.0.tgz",
            "integrity": "sha512-WEtjDRTjjKB+C1NhY1CJSNyhK9DPCYzBgM+yKgq5AmphK/QdQEMAP1U2ttOv8yWWfsvLZGOnzyLCzcyeoG0Gfw=="
        }
    }
}
